
Microsoft Visual Studio Solution File, Format Version 12.00
# Visual Studio Version 16
VisualStudioVersion = 16.0.31105.61
MinimumVisualStudioVersion = 10.0.40219.1
Project("{FAE04EC0-301F-11D3-BF4B-00C04F79EFBC}") = "Random", "Random\Random.csproj", "{8D5ED8E0-FFB5-4ADB-A77F-0E1935B8196F}"
EndProject
Global
	GlobalSection(SolutionConfigurationPlatforms) = preSolution
		Debug|Any CPU = Debug|Any CPU
		Release|Any CPU = Release|Any CPU
	EndGlobalSection
	GlobalSection(ProjectConfigurationPlatforms) = postSolution
		{8D5ED8E0-FFB5-4ADB-A77F-0E1935B8196F}.Debug|Any CPU.ActiveCfg = Debug|Any CPU
		{8D5ED8E0-FFB5-4ADB-A77F-0E1935B8196F}.Debug|Any CPU.Build.0 = Debug|Any CPU
		{8D5ED8E0-FFB5-4ADB-A77F-0E1935B8196F}.Release|Any CPU.ActiveCfg = Release|Any CPU
		{8D5ED8E0-FFB5-4ADB-A77F-0E1935B8196F}.Release|Any CPU.Build.0 = Release|Any CPU
	EndGlobalSection
	GlobalSection(SolutionProperties) = preSolution
		HideSolutionNode = FALSE
	EndGlobalSection
	GlobalSection(ExtensibilityGlobals) = postSolution
		SolutionGuid = {E5A47E23-DC9A-4850-B84C-1CCF86D7AA7B}
	EndGlobalSection
EndGlobal
