
Microsoft Visual Studio Solution File, Format Version 12.00
# Visual Studio Version 16
VisualStudioVersion = 16.0.31105.61
MinimumVisualStudioVersion = 10.0.40219.1
Project("{FAE04EC0-301F-11D3-BF4B-00C04F79EFBC}") = "Catalog", "Catalog.csproj", "{C54BB9CA-7064-498E-94EB-2D5267FB4623}"
EndProject
Global
	GlobalSection(SolutionConfigurationPlatforms) = preSolution
		Debug|Any CPU = Debug|Any CPU
		Release|Any CPU = Release|Any CPU
	EndGlobalSection
	GlobalSection(ProjectConfigurationPlatforms) = postSolution
		{C54BB9CA-7064-498E-94EB-2D5267FB4623}.Debug|Any CPU.ActiveCfg = Debug|Any CPU
		{C54BB9CA-7064-498E-94EB-2D5267FB4623}.Debug|Any CPU.Build.0 = Debug|Any CPU
		{C54BB9CA-7064-498E-94EB-2D5267FB4623}.Release|Any CPU.ActiveCfg = Release|Any CPU
		{C54BB9CA-7064-498E-94EB-2D5267FB4623}.Release|Any CPU.Build.0 = Release|Any CPU
	EndGlobalSection
	GlobalSection(SolutionProperties) = preSolution
		HideSolutionNode = FALSE
	EndGlobalSection
	GlobalSection(ExtensibilityGlobals) = postSolution
		SolutionGuid = {5B2809C3-91DB-4436-80C3-498A6A1F09A8}
	EndGlobalSection
EndGlobal
